
Microsoft Visual Studio Solution File, Format Version 12.00
# Visual Studio Version 16
VisualStudioVersion = 16.0.30717.126
MinimumVisualStudioVersion = 10.0.40219.1
Project("{9A19103F-16F7-4668-BE54-9A1E7A4F7556}") = "AllParcels", "AllParcels.csproj", "{46BEBBBE-84A1-4DE4-BA87-DFCF60515FEF}"
EndProject
Global
	GlobalSection(SolutionConfigurationPlatforms) = preSolution
		Debug|Any CPU = Debug|Any CPU
		Release|Any CPU = Release|Any CPU
	EndGlobalSection
	GlobalSection(ProjectConfigurationPlatforms) = postSolution
		{46BEBBBE-84A1-4DE4-BA87-DFCF60515FEF}.Debug|Any CPU.ActiveCfg = Debug|Any CPU
		{46BEBBBE-84A1-4DE4-BA87-DFCF60515FEF}.Debug|Any CPU.Build.0 = Debug|Any CPU
		{46BEBBBE-84A1-4DE4-BA87-DFCF60515FEF}.Release|Any CPU.ActiveCfg = Release|Any CPU
		{46BEBBBE-84A1-4DE4-BA87-DFCF60515FEF}.Release|Any CPU.Build.0 = Release|Any CPU
	EndGlobalSection
	GlobalSection(SolutionProperties) = preSolution
		HideSolutionNode = FALSE
	EndGlobalSection
	GlobalSection(ExtensibilityGlobals) = postSolution
		SolutionGuid = {9BA6456D-E372-417F-9105-12446A8D4B97}
	EndGlobalSection
EndGlobal
